
Microsoft Visual Studio Solution File, Format Version 12.00
# Visual Studio Version 17
VisualStudioVersion = 17.14.36301.6 d17.14
MinimumVisualStudioVersion = 10.0.40219.1
Project("{FAE04EC0-301F-11D3-BF4B-00C04F79EFBC}") = "TestingServer2", "TestingServer2.csproj", "{395B3708-0B87-4A40-82C0-1F30C30E5199}"
EndProject
Global
	GlobalSection(SolutionConfigurationPlatforms) = preSolution
		Debug|Any CPU = Debug|Any CPU
		Release|Any CPU = Release|Any CPU
	EndGlobalSection
	GlobalSection(ProjectConfigurationPlatforms) = postSolution
		{395B3708-0B87-4A40-82C0-1F30C30E5199}.Debug|Any CPU.ActiveCfg = Debug|Any CPU
		{395B3708-0B87-4A40-82C0-1F30C30E5199}.Debug|Any CPU.Build.0 = Debug|Any CPU
		{395B3708-0B87-4A40-82C0-1F30C30E5199}.Release|Any CPU.ActiveCfg = Release|Any CPU
		{395B3708-0B87-4A40-82C0-1F30C30E5199}.Release|Any CPU.Build.0 = Release|Any CPU
	EndGlobalSection
	GlobalSection(SolutionProperties) = preSolution
		HideSolutionNode = FALSE
	EndGlobalSection
	GlobalSection(ExtensibilityGlobals) = postSolution
		SolutionGuid = {615D5C77-3425-413F-B9F1-8167FC0BB28F}
	EndGlobalSection
EndGlobal
